// !$*UTF8*$!
{
	archiveVersion = 1;
	classes = {
	};
	objectVersion = 56;
	objects = {

/* Begin PBXBuildFile section */
		F83205DF2BBB29EB005DB3C3 /* AppDelegate.swift in Sources */ = {isa = PBXBuildFile; fileRef = F83205DE2BBB29EB005DB3C3 /* AppDelegate.swift */; };
		F83205E12BBB29EB005DB3C3 /* SceneDelegate.swift in Sources */ = {isa = PBXBuildFile; fileRef = F83205E02BBB29EB005DB3C3 /* SceneDelegate.swift */; };
		F83205E32BBB29EB005DB3C3 /* ViewController.swift in Sources */ = {isa = PBXBuildFile; fileRef = F83205E22BBB29EB005DB3C3 /* ViewController.swift */; };
		F83205E62BBB29EB005DB3C3 /* Base in Resources */ = {isa = PBXBuildFile; fileRef = F83205E52BBB29EB005DB3C3 /* Base */; };
		F83205E82BBB29EC005DB3C3 /* Assets.xcassets in Resources */ = {isa = PBXBuildFile; fileRef = F83205E72BBB29EC005DB3C3 /* Assets.xcassets */; };
		F83205EB2BBB29EC005DB3C3 /* Base in Resources */ = {isa = PBXBuildFile; fileRef = F83205EA2BBB29EC005DB3C3 /* Base */; };
		F8CE8D6B2BB4A7F50024E253 /* AppDelegate.swift in Sources */ = {isa = PBXBuildFile; fileRef = F8CE8D6A2BB4A7F50024E253 /* AppDelegate.swift */; };
		F8CE8D6D2BB4A7F50024E253 /* SceneDelegate.swift in Sources */ = {isa = PBXBuildFile; fileRef = F8CE8D6C2BB4A7F50024E253 /* SceneDelegate.swift */; };
		F8CE8D6F2BB4A7F50024E253 /* ViewController.swift in Sources */ = {isa = PBXBuildFile; fileRef = F8CE8D6E2BB4A7F50024E253 /* ViewController.swift */; };
		F8CE8D722BB4A7F50024E253 /* Base in Resources */ = {isa = PBXBuildFile; fileRef = F8CE8D712BB4A7F50024E253 /* Base */; };
		F8CE8D742BB4A7F60024E253 /* Assets.xcassets in Resources */ = {isa = PBXBuildFile; fileRef = F8CE8D732BB4A7F60024E253 /* Assets.xcassets */; };
		F8CE8D772BB4A7F60024E253 /* Base in Resources */ = {isa = PBXBuildFile; fileRef = F8CE8D762BB4A7F60024E253 /* Base */; };
/* End PBXBuildFile section */

/* Begin PBXFileReference section */
		F83205DC2BBB29EB005DB3C3 /* ErrorNil_UIKit_HW_2.app */ = {isa = PBXFileReference; explicitFileType = wrapper.application; includeInIndex = 0; path = ErrorNil_UIKit_HW_2.app; sourceTree = BUILT_PRODUCTS_DIR; };
		F83205DE2BBB29EB005DB3C3 /* AppDelegate.swift */ = {isa = PBXFileReference; lastKnownFileType = sourcecode.swift; path = AppDelegate.swift; sourceTree = "<group>"; };
		F83205E02BBB29EB005DB3C3 /* SceneDelegate.swift */ = {isa = PBXFileReference; lastKnownFileType = sourcecode.swift; path = SceneDelegate.swift; sourceTree = "<group>"; };
		F83205E22BBB29EB005DB3C3 /* ViewController.swift */ = {isa = PBXFileReference; lastKnownFileType = sourcecode.swift; path = ViewController.swift; sourceTree = "<group>"; };
		F83205E52BBB29EB005DB3C3 /* Base */ = {isa = PBXFileReference; lastKnownFileType = file.storyboard; name = Base; path = Base.lproj/Main.storyboard; sourceTree = "<group>"; };
		F83205E72BBB29EC005DB3C3 /* Assets.xcassets */ = {isa = PBXFileReference; lastKnownFileType = folder.assetcatalog; path = Assets.xcassets; sourceTree = "<group>"; };
		F83205EA2BBB29EC005DB3C3 /* Base */ = {isa = PBXFileReference; lastKnownFileType = file.storyboard; name = Base; path = Base.lproj/LaunchScreen.storyboard; sourceTree = "<group>"; };
		F83205EC2BBB29EC005DB3C3 /* Info.plist */ = {isa = PBXFileReference; lastKnownFileType = text.plist.xml; path = Info.plist; sourceTree = "<group>"; };
		F8CE8D672BB4A7F50024E253 /* ErrorNil_KitUI.app */ = {isa = PBXFileReference; explicitFileType = wrapper.application; includeInIndex = 0; path = ErrorNil_KitUI.app; sourceTree = BUILT_PRODUCTS_DIR; };
		F8CE8D6A2BB4A7F50024E253 /* AppDelegate.swift */ = {isa = PBXFileReference; lastKnownFileType = sourcecode.swift; path = AppDelegate.swift; sourceTree = "<group>"; };
		F8CE8D6C2BB4A7F50024E253 /* SceneDelegate.swift */ = {isa = PBXFileReference; lastKnownFileType = sourcecode.swift; path = SceneDelegate.swift; sourceTree = "<group>"; };
		F8CE8D6E2BB4A7F50024E253 /* ViewController.swift */ = {isa = PBXFileReference; lastKnownFileType = sourcecode.swift; path = ViewController.swift; sourceTree = "<group>"; };
		F8CE8D712BB4A7F50024E253 /* Base */ = {isa = PBXFileReference; lastKnownFileType = file.storyboard; name = Base; path = Base.lproj/Main.storyboard; sourceTree = "<group>"; };
		F8CE8D732BB4A7F60024E253 /* Assets.xcassets */ = {isa = PBXFileReference; lastKnownFileType = folder.assetcatalog; path = Assets.xcassets; sourceTree = "<group>"; };
		F8CE8D762BB4A7F60024E253 /* Base */ = {isa = PBXFileReference; lastKnownFileType = file.storyboard; name = Base; path = Base.lproj/LaunchScreen.storyboard; sourceTree = "<group>"; };
		F8CE8D782BB4A7F60024E253 /* Info.plist */ = {isa = PBXFileReference; lastKnownFileType = text.plist.xml; path = Info.plist; sourceTree = "<group>"; };
/* End PBXFileReference section */

/* Begin PBXFrameworksBuildPhase section */
		F83205D92BBB29EB005DB3C3 /* Frameworks */ = {
			isa = PBXFrameworksBuildPhase;
			buildActionMask = 2147483647;
			files = (
			);
			runOnlyForDeploymentPostprocessing = 0;
		};
		F8CE8D642BB4A7F50024E253 /* Frameworks */ = {
			isa = PBXFrameworksBuildPhase;
			buildActionMask = 2147483647;
			files = (
			);
			runOnlyForDeploymentPostprocessing = 0;
		};
/* End PBXFrameworksBuildPhase section */

/* Begin PBXGroup section */
		F83205DD2BBB29EB005DB3C3 /* ErrorNil_UIKit_HW_2 */ = {
			isa = PBXGroup;
			children = (
				F83205DE2BBB29EB005DB3C3 /* AppDelegate.swift */,
				F83205E02BBB29EB005DB3C3 /* SceneDelegate.swift */,
				F83205E22BBB29EB005DB3C3 /* ViewController.swift */,
				F83205E42BBB29EB005DB3C3 /* Main.storyboard */,
				F83205E72BBB29EC005DB3C3 /* Assets.xcassets */,
				F83205E92BBB29EC005DB3C3 /* LaunchScreen.storyboard */,
				F83205EC2BBB29EC005DB3C3 /* Info.plist */,
			);
			path = ErrorNil_UIKit_HW_2;
			sourceTree = "<group>";
		};
		F8CE8D5E2BB4A7F50024E253 = {
			isa = PBXGroup;
			children = (
				F8CE8D692BB4A7F50024E253 /* ErrorNil_KitUI */,
				F83205DD2BBB29EB005DB3C3 /* ErrorNil_UIKit_HW_2 */,
				F8CE8D682BB4A7F50024E253 /* Products */,
			);
			sourceTree = "<group>";
		};
		F8CE8D682BB4A7F50024E253 /* Products */ = {
			isa = PBXGroup;
			children = (
				F8CE8D672BB4A7F50024E253 /* ErrorNil_KitUI.app */,
				F83205DC2BBB29EB005DB3C3 /* ErrorNil_UIKit_HW_2.app */,
			);
			name = Products;
			sourceTree = "<group>";
		};
		F8CE8D692BB4A7F50024E253 /* ErrorNil_KitUI */ = {
			isa = PBXGroup;
			children = (
				F8CE8D6A2BB4A7F50024E253 /* AppDelegate.swift */,
				F8CE8D6C2BB4A7F50024E253 /* SceneDelegate.swift */,
				F8CE8D6E2BB4A7F50024E253 /* ViewController.swift */,
				F8CE8D702BB4A7F50024E253 /* Main.storyboard */,
				F8CE8D732BB4A7F60024E253 /* Assets.xcassets */,
				F8CE8D752BB4A7F60024E253 /* LaunchScreen.storyboard */,
				F8CE8D782BB4A7F60024E253 /* Info.plist */,
			);
			path = ErrorNil_KitUI;
			sourceTree = "<group>";
		};
/* End PBXGroup section */

/* Begin PBXNativeTarget section */
		F83205DB2BBB29EB005DB3C3 /* ErrorNil_UIKit_HW_2 */ = {
			isa = PBXNativeTarget;
			buildConfigurationList = F83205EF2BBB29EC005DB3C3 /* Build configuration list for PBXNativeTarget "ErrorNil_UIKit_HW_2" */;
			buildPhases = (
				F83205D82BBB29EB005DB3C3 /* Sources */,
				F83205D92BBB29EB005DB3C3 /* Frameworks */,
				F83205DA2BBB29EB005DB3C3 /* Resources */,
			);
			buildRules = (
			);
			dependencies = (
			);
			name = ErrorNil_UIKit_HW_2;
			productName = ErrorNil_UIKit_HW_2;
			productReference = F83205DC2BBB29EB005DB3C3 /* ErrorNil_UIKit_HW_2.app */;
			productType = "com.apple.product-type.application";
		};
		F8CE8D662BB4A7F50024E253 /* ErrorNil_KitUI */ = {
			isa = PBXNativeTarget;
			buildConfigurationList = F8CE8D7B2BB4A7F60024E253 /* Build configuration list for PBXNativeTarget "ErrorNil_KitUI" */;
			buildPhases = (
				F8CE8D632BB4A7F50024E253 /* Sources */,
				F8CE8D642BB4A7F50024E253 /* Frameworks */,
				F8CE8D652BB4A7F50024E253 /* Resources */,
			);
			buildRules = (
			);
			dependencies = (
			);
			name = ErrorNil_KitUI;
			productName = ErrorNil_KitUI;
			productReference = F8CE8D672BB4A7F50024E253 /* ErrorNil_KitUI.app */;
			productType = "com.apple.product-type.application";
		};
/* End PBXNativeTarget section */

/* Begin PBXProject section */
		F8CE8D5F2BB4A7F50024E253 /* Project object */ = {
			isa = PBXProject;
			attributes = {
				BuildIndependentTargetsInParallel = 1;
				LastSwiftUpdateCheck = 1530;
				LastUpgradeCheck = 1530;
				TargetAttributes = {
					F83205DB2BBB29EB005DB3C3 = {
						CreatedOnToolsVersion = 15.3;
					};
					F8CE8D662BB4A7F50024E253 = {
						CreatedOnToolsVersion = 15.3;
					};
				};
			};
			buildConfigurationList = F8CE8D622BB4A7F50024E253 /* Build configuration list for PBXProject "ErrorNil_KitUI" */;
			compatibilityVersion = "Xcode 14.0";
			developmentRegion = en;
			hasScannedForEncodings = 0;
			knownRegions = (
				en,
				Base,
			);
			mainGroup = F8CE8D5E2BB4A7F50024E253;
			productRefGroup = F8CE8D682BB4A7F50024E253 /* Products */;
			projectDirPath = "";
			projectRoot = "";
			targets = (
				F8CE8D662BB4A7F50024E253 /* ErrorNil_KitUI */,
				F83205DB2BBB29EB005DB3C3 /* ErrorNil_UIKit_HW_2 */,
			);
		};
/* End PBXProject section */

/* Begin PBXResourcesBuildPhase section */
		F83205DA2BBB29EB005DB3C3 /* Resources */ = {
			isa = PBXResourcesBuildPhase;
			buildActionMask = 2147483647;
			files = (
				F83205E82BBB29EC005DB3C3 /* Assets.xcassets in Resources */,
				F83205EB2BBB29EC005DB3C3 /* Base in Resources */,
				F83205E62BBB29EB005DB3C3 /* Base in Resources */,
			);
			runOnlyForDeploymentPostprocessing = 0;
		};
		F8CE8D652BB4A7F50024E253 /* Resources */ = {
			isa = PBXResourcesBuildPhase;
			buildActionMask = 2147483647;
			files = (
				F8CE8D742BB4A7F60024E253 /* Assets.xcassets in Resources */,
				F8CE8D772BB4A7F60024E253 /* Base in Resources */,
				F8CE8D722BB4A7F50024E253 /* Base in Resources */,
			);
			runOnlyForDeploymentPostprocessing = 0;
		};
/* End PBXResourcesBuildPhase section */

/* Begin PBXSourcesBuildPhase section */
		F83205D82BBB29EB005DB3C3 /* Sources */ = {
			isa = PBXSourcesBuildPhase;
			buildActionMask = 2147483647;
			files = (
				F83205E32BBB29EB005DB3C3 /* ViewController.swift in Sources */,
				F83205DF2BBB29EB005DB3C3 /* AppDelegate.swift in Sources */,
				F83205E12BBB29EB005DB3C3 /* SceneDelegate.swift in Sources */,
			);
			runOnlyForDeploymentPostprocessing = 0;
		};
		F8CE8D632BB4A7F50024E253 /* Sources */ = {
			isa = PBXSourcesBuildPhase;
			buildActionMask = 2147483647;
			files = (
				F8CE8D6F2BB4A7F50024E253 /* ViewController.swift in Sources */,
				F8CE8D6B2BB4A7F50024E253 /* AppDelegate.swift in Sources */,
				F8CE8D6D2BB4A7F50024E253 /* SceneDelegate.swift in Sources */,
			);
			runOnlyForDeploymentPostprocessing = 0;
		};
/* End PBXSourcesBuildPhase section */

/* Begin PBXVariantGroup section */
		F83205E42BBB29EB005DB3C3 /* Main.storyboard */ = {
			isa = PBXVariantGroup;
			children = (
				F83205E52BBB29EB005DB3C3 /* Base */,
			);
			name = Main.storyboard;
			sourceTree = "<group>";
		};
		F83205E92BBB29EC005DB3C3 /* LaunchScreen.storyboard */ = {
			isa = PBXVariantGroup;
			children = (
				F83205EA2BBB29EC005DB3C3 /* Base */,
			);
			name = LaunchScreen.storyboard;
			sourceTree = "<group>";
		};
		F8CE8D702BB4A7F50024E253 /* Main.storyboard */ = {
			isa = PBXVariantGroup;
			children = (
				F8CE8D712BB4A7F50024E253 /* Base */,
			);
			name = Main.storyboard;
			sourceTree = "<group>";
		};
		F8CE8D752BB4A7F60024E253 /* LaunchScreen.storyboard */ = {
			isa = PBXVariantGroup;
			children = (
				F8CE8D762BB4A7F60024E253 /* Base */,
			);
			name = LaunchScreen.storyboard;
			sourceTree = "<group>";
		};
/* End PBXVariantGroup section */

/* Begin XCBuildConfiguration section */
		F83205ED2BBB29EC005DB3C3 /* Debug */ = {
			isa = XCBuildConfiguration;
			buildSettings = {
				ASSETCATALOG_COMPILER_APPICON_NAME = AppIcon;
				ASSETCATALOG_COMPILER_GLOBAL_ACCENT_COLOR_NAME = AccentColor;
				CODE_SIGN_STYLE = Automatic;
				CURRENT_PROJECT_VERSION = 1;
				DEVELOPMENT_TEAM = 29H9G4D6F9;
				GENERATE_INFOPLIST_FILE = YES;
				INFOPLIST_FILE = ErrorNil_UIKit_HW_2/Info.plist;
				INFOPLIST_KEY_UIApplicationSupportsIndirectInputEvents = YES;
				INFOPLIST_KEY_UILaunchStoryboardName = LaunchScreen;
				INFOPLIST_KEY_UIMainStoryboardFile = Main;
				INFOPLIST_KEY_UISupportedInterfaceOrientations_iPad = "UIInterfaceOrientationPortrait UIInterfaceOrientationPortraitUpsideDown UIInterfaceOrientationLandscapeLeft UIInterfaceOrientationLandscapeRight";
				INFOPLIST_KEY_UISupportedInterfaceOrientations_iPhone = "UIInterfaceOrientationPortrait UIInterfaceOrientationLandscapeLeft UIInterfaceOrientationLandscapeRight";
				LD_RUNPATH_SEARCH_PATHS = (
					"$(inherited)",
					"@executable_path/Frameworks",
				);
				MARKETING_VERSION = 1.0;
				PRODUCT_BUNDLE_IDENTIFIER = "home.ErrorNil-UIKit-HW-2";
				PRODUCT_NAME = "$(TARGET_NAME)";
				SWIFT_EMIT_LOC_STRINGS = YES;
				SWIFT_VERSION = 5.0;
				TARGETED_DEVICE_FAMILY = "1,2";
			};
			name = Debug;
		};
		F83205EE2BBB29EC005DB3C3 /* Release */ = {
			isa = XCBuildConfiguration;
			buildSettings = {
				ASSETCATALOG_COMPILER_APPICON_NAME = AppIcon;
				ASSETCATALOG_COMPILER_GLOBAL_ACCENT_COLOR_NAME = AccentColor;
				CODE_SIGN_STYLE = Automatic;
				CURRENT_PROJECT_VERSION = 1;
				DEVELOPMENT_TEAM = 29H9G4D6F9;
				GENERATE_INFOPLIST_FILE = YES;
				INFOPLIST_FILE = ErrorNil_UIKit_HW_2/Info.plist;
				INFOPLIST_KEY_UIApplicationSupportsIndirectInputEvents = YES;
				INFOPLIST_KEY_UILaunchStoryboardName = LaunchScreen;
				INFOPLIST_KEY_UIMainStoryboardFile = Main;
				INFOPLIST_KEY_UISupportedInterfaceOrientations_iPad = "UIInterfaceOrientationPortrait UIInterfaceOrientationPortraitUpsideDown UIInterfaceOrientationLandscapeLeft UIInterfaceOrientationLandscapeRight";
				INFOPLIST_KEY_UISupportedInterfaceOrientations_iPhone = "UIInterfaceOrientationPortrait UIInterfaceOrientationLandscapeLeft UIInterfaceOrientationLandscapeRight";
				LD_RUNPATH_SEARCH_PATHS = (
					"$(inherited)",
					"@executable_path/Frameworks",
				);
				MARKETING_VERSION = 1.0;
				PRODUCT_BUNDLE_IDENTIFIER = "home.ErrorNil-UIKit-HW-2";
				PRODUCT_NAME = "$(TARGET_NAME)";
				SWIFT_EMIT_LOC_STRINGS = YES;
				SWIFT_VERSION = 5.0;
				TARGETED_DEVICE_FAMILY = "1,2";
			};
			name = Release;
		};
		F8CE8D792BB4A7F60024E253 /* Debug */ = {
			isa = XCBuildConfiguration;
			buildSettings = {
				ALWAYS_SEARCH_USER_PATHS = NO;
				ASSETCATALOG_COMPILER_GENERATE_SWIFT_ASSET_SYMBOL_EXTENSIONS = YES;
				CLANG_ANALYZER_NONNULL = YES;
				CLANG_ANALYZER_NUMBER_OBJECT_CONVERSION = YES_AGGRESSIVE;
				CLANG_CXX_LANGUAGE_STANDARD = "gnu++20";
				CLANG_ENABLE_MODULES = YES;
				CLANG_ENABLE_OBJC_ARC = YES;
				CLANG_ENABLE_OBJC_WEAK = YES;
				CLANG_WARN_BLOCK_CAPTURE_AUTORELEASING = YES;
				CLANG_WARN_BOOL_CONVERSION = YES;
				CLANG_WARN_COMMA = YES;
				CLANG_WARN_CONSTANT_CONVERSION = YES;
				CLANG_WARN_DEPRECATED_OBJC_IMPLEMENTATIONS = YES;
				CLANG_WARN_DIRECT_OBJC_ISA_USAGE = YES_ERROR;
				CLANG_WARN_DOCUMENTATION_COMMENTS = YES;
				CLANG_WARN_EMPTY_BODY = YES;
				CLANG_WARN_ENUM_CONVERSION = YES;
				CLANG_WARN_INFINITE_RECURSION = YES;
				CLANG_WARN_INT_CONVERSION = YES;
				CLANG_WARN_NON_LITERAL_NULL_CONVERSION = YES;
				CLANG_WARN_OBJC_IMPLICIT_RETAIN_SELF = YES;
				CLANG_WARN_OBJC_LITERAL_CONVERSION = YES;
				CLANG_WARN_OBJC_ROOT_CLASS = YES_ERROR;
				CLANG_WARN_QUOTED_INCLUDE_IN_FRAMEWORK_HEADER = YES;
				CLANG_WARN_RANGE_LOOP_ANALYSIS = YES;
				CLANG_WARN_STRICT_PROTOTYPES = YES;
				CLANG_WARN_SUSPICIOUS_MOVE = YES;
				CLANG_WARN_UNGUARDED_AVAILABILITY = YES_AGGRESSIVE;
				CLANG_WARN_UNREACHABLE_CODE = YES;
				CLANG_WARN__DUPLICATE_METHOD_MATCH = YES;
				COPY_PHASE_STRIP = NO;
				DEBUG_INFORMATION_FORMAT = dwarf;
				ENABLE_STRICT_OBJC_MSGSEND = YES;
				ENABLE_TESTABILITY = YES;
				ENABLE_USER_SCRIPT_SANDBOXING = YES;
				GCC_C_LANGUAGE_STANDARD = gnu17;
				GCC_DYNAMIC_NO_PIC = NO;
				GCC_NO_COMMON_BLOCKS = YES;
				GCC_OPTIMIZATION_LEVEL = 0;
				GCC_PREPROCESSOR_DEFINITIONS = (
					"DEBUG=1",
					"$(inherited)",
				);
				GCC_WARN_64_TO_32_BIT_CONVERSION = YES;
				GCC_WARN_ABOUT_RETURN_TYPE = YES_ERROR;
				GCC_WARN_UNDECLARED_SELECTOR = YES;
				GCC_WARN_UNINITIALIZED_AUTOS = YES_AGGRESSIVE;
				GCC_WARN_UNUSED_FUNCTION = YES;
				GCC_WARN_UNUSED_VARIABLE = YES;
				IPHONEOS_DEPLOYMENT_TARGET = 17.4;
				LOCALIZATION_PREFERS_STRING_CATALOGS = YES;
				MTL_ENABLE_DEBUG_INFO = INCLUDE_SOURCE;
				MTL_FAST_MATH = YES;
				ONLY_ACTIVE_ARCH = YES;
				SDKROOT = iphoneos;
				SWIFT_ACTIVE_COMPILATION_CONDITIONS = "DEBUG $(inherited)";
				SWIFT_OPTIMIZATION_LEVEL = "-Onone";
			};
			name = Debug;
		};
		F8CE8D7A2BB4A7F60024E253 /* Release */ = {
			isa = XCBuildConfiguration;
			buildSettings = {
				ALWAYS_SEARCH_USER_PATHS = NO;
				ASSETCATALOG_COMPILER_GENERATE_SWIFT_ASSET_SYMBOL_EXTENSIONS = YES;
				CLANG_ANALYZER_NONNULL = YES;
				CLANG_ANALYZER_NUMBER_OBJECT_CONVERSION = YES_AGGRESSIVE;
				CLANG_CXX_LANGUAGE_STANDARD = "gnu++20";
				CLANG_ENABLE_MODULES = YES;
				CLANG_ENABLE_OBJC_ARC = YES;
				CLANG_ENABLE_OBJC_WEAK = YES;
				CLANG_WARN_BLOCK_CAPTURE_AUTORELEASING = YES;
				CLANG_WARN_BOOL_CONVERSION = YES;
				CLANG_WARN_COMMA = YES;
				CLANG_WARN_CONSTANT_CONVERSION = YES;
				CLANG_WARN_DEPRECATED_OBJC_IMPLEMENTATIONS = YES;
				CLANG_WARN_DIRECT_OBJC_ISA_USAGE = YES_ERROR;
				CLANG_WARN_DOCUMENTATION_COMMENTS = YES;
				CLANG_WARN_EMPTY_BODY = YES;
				CLANG_WARN_ENUM_CONVERSION = YES;
				CLANG_WARN_INFINITE_RECURSION = YES;
				CLANG_WARN_INT_CONVERSION = YES;
				CLANG_WARN_NON_LITERAL_NULL_CONVERSION = YES;
				CLANG_WARN_OBJC_IMPLICIT_RETAIN_SELF = YES;
				CLANG_WARN_OBJC_LITERAL_CONVERSION = YES;
				CLANG_WARN_OBJC_ROOT_CLASS = YES_ERROR;
				CLANG_WARN_QUOTED_INCLUDE_IN_FRAMEWORK_HEADER = YES;
				CLANG_WARN_RANGE_LOOP_ANALYSIS = YES;
				CLANG_WARN_STRICT_PROTOTYPES = YES;
				CLANG_WARN_SUSPICIOUS_MOVE = YES;
				CLANG_WARN_UNGUARDED_AVAILABILITY = YES_AGGRESSIVE;
				CLANG_WARN_UNREACHABLE_CODE = YES;
				CLANG_WARN__DUPLICATE_METHOD_MATCH = YES;
				COPY_PHASE_STRIP = NO;
				DEBUG_INFORMATION_FORMAT = "dwarf-with-dsym";
				ENABLE_NS_ASSERTIONS = NO;
				ENABLE_STRICT_OBJC_MSGSEND = YES;
				ENABLE_USER_SCRIPT_SANDBOXING = YES;
				GCC_C_LANGUAGE_STANDARD = gnu17;
				GCC_NO_COMMON_BLOCKS = YES;
				GCC_WARN_64_TO_32_BIT_CONVERSION = YES;
				GCC_WARN_ABOUT_RETURN_TYPE = YES_ERROR;
				GCC_WARN_UNDECLARED_SELECTOR = YES;
				GCC_WARN_UNINITIALIZED_AUTOS = YES_AGGRESSIVE;
				GCC_WARN_UNUSED_FUNCTION = YES;
				GCC_WARN_UNUSED_VARIABLE = YES;
				IPHONEOS_DEPLOYMENT_TARGET = 17.4;
				LOCALIZATION_PREFERS_STRING_CATALOGS = YES;
				MTL_ENABLE_DEBUG_INFO = NO;
				MTL_FAST_MATH = YES;
				SDKROOT = iphoneos;
				SWIFT_COMPILATION_MODE = wholemodule;
				VALIDATE_PRODUCT = YES;
			};
			name = Release;
		};
		F8CE8D7C2BB4A7F60024E253 /* Debug */ = {
			isa = XCBuildConfiguration;
			buildSettings = {
				ASSETCATALOG_COMPILER_APPICON_NAME = AppIcon;
				ASSETCATALOG_COMPILER_GLOBAL_ACCENT_COLOR_NAME = AccentColor;
				CODE_SIGN_STYLE = Automatic;
				CURRENT_PROJECT_VERSION = 1;
				DEVELOPMENT_TEAM = 29H9G4D6F9;
				GENERATE_INFOPLIST_FILE = YES;
				INFOPLIST_FILE = ErrorNil_KitUI/Info.plist;
				INFOPLIST_KEY_UIApplicationSupportsIndirectInputEvents = YES;
				INFOPLIST_KEY_UILaunchStoryboardName = LaunchScreen;
				INFOPLIST_KEY_UIMainStoryboardFile = Main;
				INFOPLIST_KEY_UISupportedInterfaceOrientations_iPad = "UIInterfaceOrientationPortrait UIInterfaceOrientationPortraitUpsideDown UIInterfaceOrientationLandscapeLeft UIInterfaceOrientationLandscapeRight";
				INFOPLIST_KEY_UISupportedInterfaceOrientations_iPhone = "UIInterfaceOrientationPortrait UIInterfaceOrientationLandscapeLeft UIInterfaceOrientationLandscapeRight";
				LD_RUNPATH_SEARCH_PATHS = (
					"$(inherited)",
					"@executable_path/Frameworks",
				);
				MARKETING_VERSION = 1.0;
				PRODUCT_BUNDLE_IDENTIFIER = "home.ErrorNil-KitUI";
				PRODUCT_NAME = "$(TARGET_NAME)";
				SWIFT_EMIT_LOC_STRINGS = YES;
				SWIFT_VERSION = 5.0;
				TARGETED_DEVICE_FAMILY = "1,2";
			};
			name = Debug;
		};
		F8CE8D7D2BB4A7F60024E253 /* Release */ = {
			isa = XCBuildConfiguration;
			buildSettings = {
				ASSETCATALOG_COMPILER_APPICON_NAME = AppIcon;
				ASSETCATALOG_COMPILER_GLOBAL_ACCENT_COLOR_NAME = AccentColor;
				CODE_SIGN_STYLE = Automatic;
				CURRENT_PROJECT_VERSION = 1;
				DEVELOPMENT_TEAM = 29H9G4D6F9;
				GENERATE_INFOPLIST_FILE = YES;
				INFOPLIST_FILE = ErrorNil_KitUI/Info.plist;
				INFOPLIST_KEY_UIApplicationSupportsIndirectInputEvents = YES;
				INFOPLIST_KEY_UILaunchStoryboardName = LaunchScreen;
				INFOPLIST_KEY_UIMainStoryboardFile = Main;
				INFOPLIST_KEY_UISupportedInterfaceOrientations_iPad = "UIInterfaceOrientationPortrait UIInterfaceOrientationPortraitUpsideDown UIInterfaceOrientationLandscapeLeft UIInterfaceOrientationLandscapeRight";
				INFOPLIST_KEY_UISupportedInterfaceOrientations_iPhone = "UIInterfaceOrientationPortrait UIInterfaceOrientationLandscapeLeft UIInterfaceOrientationLandscapeRight";
				LD_RUNPATH_SEARCH_PATHS = (
					"$(inherited)",
					"@executable_path/Frameworks",
				);
				MARKETING_VERSION = 1.0;
				PRODUCT_BUNDLE_IDENTIFIER = "home.ErrorNil-KitUI";
				PRODUCT_NAME = "$(TARGET_NAME)";
				SWIFT_EMIT_LOC_STRINGS = YES;
				SWIFT_VERSION = 5.0;
				TARGETED_DEVICE_FAMILY = "1,2";
			};
			name = Release;
		};
/* End XCBuildConfiguration section */

/* Begin XCConfigurationList section */
		F83205EF2BBB29EC005DB3C3 /* Build configuration list for PBXNativeTarget "ErrorNil_UIKit_HW_2" */ = {
			isa = XCConfigurationList;
			buildConfigurations = (
				F83205ED2BBB29EC005DB3C3 /* Debug */,
				F83205EE2BBB29EC005DB3C3 /* Release */,
			);
			defaultConfigurationIsVisible = 0;
			defaultConfigurationName = Release;
		};
		F8CE8D622BB4A7F50024E253 /* Build configuration list for PBXProject "ErrorNil_KitUI" */ = {
			isa = XCConfigurationList;
			buildConfigurations = (
				F8CE8D792BB4A7F60024E253 /* Debug */,
				F8CE8D7A2BB4A7F60024E253 /* Release */,
			);
			defaultConfigurationIsVisible = 0;
			defaultConfigurationName = Release;
		};
		F8CE8D7B2BB4A7F60024E253 /* Build configuration list for PBXNativeTarget "ErrorNil_KitUI" */ = {
			isa = XCConfigurationList;
			buildConfigurations = (
				F8CE8D7C2BB4A7F60024E253 /* Debug */,
				F8CE8D7D2BB4A7F60024E253 /* Release */,
			);
			defaultConfigurationIsVisible = 0;
			defaultConfigurationName = Release;
		};
/* End XCConfigurationList section */
	};
	rootObject = F8CE8D5F2BB4A7F50024E253 /* Project object */;
}
